
Microsoft Visual Studio Solution File, Format Version 12.00
# Visual Studio Version 16
VisualStudioVersion = 16.0.29613.14
MinimumVisualStudioVersion = 10.0.40219.1
Project("{FAE04EC0-301F-11D3-BF4B-00C04F79EFBC}") = "Rdppractice11", "Rdppractice11\Rdppractice11.csproj", "{FA6890BE-07D9-4573-B03C-ECFE94E95D0C}"
EndProject
Global
	GlobalSection(SolutionConfigurationPlatforms) = preSolution
		Debug|Any CPU = Debug|Any CPU
		Release|Any CPU = Release|Any CPU
	EndGlobalSection
	GlobalSection(ProjectConfigurationPlatforms) = postSolution
		{FA6890BE-07D9-4573-B03C-ECFE94E95D0C}.Debug|Any CPU.ActiveCfg = Debug|Any CPU
		{FA6890BE-07D9-4573-B03C-ECFE94E95D0C}.Debug|Any CPU.Build.0 = Debug|Any CPU
		{FA6890BE-07D9-4573-B03C-ECFE94E95D0C}.Release|Any CPU.ActiveCfg = Release|Any CPU
		{FA6890BE-07D9-4573-B03C-ECFE94E95D0C}.Release|Any CPU.Build.0 = Release|Any CPU
	EndGlobalSection
	GlobalSection(SolutionProperties) = preSolution
		HideSolutionNode = FALSE
	EndGlobalSection
	GlobalSection(ExtensibilityGlobals) = postSolution
		SolutionGuid = {89245941-B232-4252-B293-6909DDFC22E6}
	EndGlobalSection
EndGlobal
